
Microsoft Visual Studio Solution File, Format Version 12.00
# Visual Studio 15
VisualStudioVersion = 15.0.27130.2010
MinimumVisualStudioVersion = 10.0.40219.1
Project("{9A19103F-16F7-4668-BE54-9A1E7A4F7556}") = "BOTW", "BOTW\BOTW\BOTW.csproj", "{71280A15-BD63-497C-AEE2-E4544AEFB957}"
EndProject
Project("{FAE04EC0-301F-11D3-BF4B-00C04F79EFBC}") = "BOTW.Android", "BOTW\BOTW.Android\BOTW.Android.csproj", "{43346EA0-7939-4C57-B3FA-CFA43BD81C2C}"
EndProject
Project("{FAE04EC0-301F-11D3-BF4B-00C04F79EFBC}") = "BOTW.iOS", "BOTW\BOTW.iOS\BOTW.iOS.csproj", "{9A842606-6AB4-4676-9A18-59584549B746}"
EndProject
Project("{FAE04EC0-301F-11D3-BF4B-00C04F79EFBC}") = "BOTW.UWP", "BOTW\BOTW.UWP\BOTW.UWP.csproj", "{0CA64543-053D-4A1D-9985-69904015E680}"
EndProject
Global
	GlobalSection(SolutionConfigurationPlatforms) = preSolution
		Ad-Hoc|Any CPU = Ad-Hoc|Any CPU
		Ad-Hoc|ARM = Ad-Hoc|ARM
		Ad-Hoc|iPhone = Ad-Hoc|iPhone
		Ad-Hoc|iPhoneSimulator = Ad-Hoc|iPhoneSimulator
		Ad-Hoc|x64 = Ad-Hoc|x64
		Ad-Hoc|x86 = Ad-Hoc|x86
		AppStore|Any CPU = AppStore|Any CPU
		AppStore|ARM = AppStore|ARM
		AppStore|iPhone = AppStore|iPhone
		AppStore|iPhoneSimulator = AppStore|iPhoneSimulator
		AppStore|x64 = AppStore|x64
		AppStore|x86 = AppStore|x86
		Debug|Any CPU = Debug|Any CPU
		Debug|ARM = Debug|ARM
		Debug|iPhone = Debug|iPhone
		Debug|iPhoneSimulator = Debug|iPhoneSimulator
		Debug|x64 = Debug|x64
		Debug|x86 = Debug|x86
		Release|Any CPU = Release|Any CPU
		Release|ARM = Release|ARM
		Release|iPhone = Release|iPhone
		Release|iPhoneSimulator = Release|iPhoneSimulator
		Release|x64 = Release|x64
		Release|x86 = Release|x86
	EndGlobalSection
	GlobalSection(ProjectConfigurationPlatforms) = postSolution
		{71280A15-BD63-497C-AEE2-E4544AEFB957}.Ad-Hoc|Any CPU.ActiveCfg = Debug|Any CPU
		{71280A15-BD63-497C-AEE2-E4544AEFB957}.Ad-Hoc|Any CPU.Build.0 = Debug|Any CPU
		{71280A15-BD63-497C-AEE2-E4544AEFB957}.Ad-Hoc|ARM.ActiveCfg = Debug|Any CPU
		{71280A15-BD63-497C-AEE2-E4544AEFB957}.Ad-Hoc|ARM.Build.0 = Debug|Any CPU
		{71280A15-BD63-497C-AEE2-E4544AEFB957}.Ad-Hoc|iPhone.ActiveCfg = Debug|Any CPU
		{71280A15-BD63-497C-AEE2-E4544AEFB957}.Ad-Hoc|iPhone.Build.0 = Debug|Any CPU
		{71280A15-BD63-497C-AEE2-E4544AEFB957}.Ad-Hoc|iPhoneSimulator.ActiveCfg = Debug|Any CPU
		{71280A15-BD63-497C-AEE2-E4544AEFB957}.Ad-Hoc|iPhoneSimulator.Build.0 = Debug|Any CPU
		{71280A15-BD63-497C-AEE2-E4544AEFB957}.Ad-Hoc|x64.ActiveCfg = Debug|Any CPU
		{71280A15-BD63-497C-AEE2-E4544AEFB957}.Ad-Hoc|x64.Build.0 = Debug|Any CPU
		{71280A15-BD63-497C-AEE2-E4544AEFB957}.Ad-Hoc|x86.ActiveCfg = Debug|Any CPU
		{71280A15-BD63-497C-AEE2-E4544AEFB957}.Ad-Hoc|x86.Build.0 = Debug|Any CPU
		{71280A15-BD63-497C-AEE2-E4544AEFB957}.AppStore|Any CPU.ActiveCfg = Debug|Any CPU
		{71280A15-BD63-497C-AEE2-E4544AEFB957}.AppStore|Any CPU.Build.0 = Debug|Any CPU
		{71280A15-BD63-497C-AEE2-E4544AEFB957}.AppStore|ARM.ActiveCfg = Debug|Any CPU
		{71280A15-BD63-497C-AEE2-E4544AEFB957}.AppStore|ARM.Build.0 = Debug|Any CPU
		{71280A15-BD63-497C-AEE2-E4544AEFB957}.AppStore|iPhone.ActiveCfg = Debug|Any CPU
		{71280A15-BD63-497C-AEE2-E4544AEFB957}.AppStore|iPhone.Build.0 = Debug|Any CPU
		{71280A15-BD63-497C-AEE2-E4544AEFB957}.AppStore|iPhoneSimulator.ActiveCfg = Debug|Any CPU
		{71280A15-BD63-497C-AEE2-E4544AEFB957}.AppStore|iPhoneSimulator.Build.0 = Debug|Any CPU
		{71280A15-BD63-497C-AEE2-E4544AEFB957}.AppStore|x64.ActiveCfg = Debug|Any CPU
		{71280A15-BD63-497C-AEE2-E4544AEFB957}.AppStore|x64.Build.0 = Debug|Any CPU
		{71280A15-BD63-497C-AEE2-E4544AEFB957}.AppStore|x86.ActiveCfg = Debug|Any CPU
		{71280A15-BD63-497C-AEE2-E4544AEFB957}.AppStore|x86.Build.0 = Debug|Any CPU
		{71280A15-BD63-497C-AEE2-E4544AEFB957}.Debug|Any CPU.ActiveCfg = Debug|Any CPU
		{71280A15-BD63-497C-AEE2-E4544AEFB957}.Debug|Any CPU.Build.0 = Debug|Any CPU
		{71280A15-BD63-497C-AEE2-E4544AEFB957}.Debug|ARM.ActiveCfg = Debug|Any CPU
		{71280A15-BD63-497C-AEE2-E4544AEFB957}.Debug|ARM.Build.0 = Debug|Any CPU
		{71280A15-BD63-497C-AEE2-E4544AEFB957}.Debug|iPhone.ActiveCfg = Debug|Any CPU
		{71280A15-BD63-497C-AEE2-E4544AEFB957}.Debug|iPhone.Build.0 = Debug|Any CPU
		{71280A15-BD63-497C-AEE2-E4544AEFB957}.Debug|iPhoneSimulator.ActiveCfg = Debug|Any CPU
		{71280A15-BD63-497C-AEE2-E4544AEFB957}.Debug|iPhoneSimulator.Build.0 = Debug|Any CPU
		{71280A15-BD63-497C-AEE2-E4544AEFB957}.Debug|x64.ActiveCfg = Debug|Any CPU
		{71280A15-BD63-497C-AEE2-E4544AEFB957}.Debug|x64.Build.0 = Debug|Any CPU
		{71280A15-BD63-497C-AEE2-E4544AEFB957}.Debug|x86.ActiveCfg = Debug|Any CPU
		{71280A15-BD63-497C-AEE2-E4544AEFB957}.Debug|x86.Build.0 = Debug|Any CPU
		{71280A15-BD63-497C-AEE2-E4544AEFB957}.Release|Any CPU.ActiveCfg = Release|Any CPU
		{71280A15-BD63-497C-AEE2-E4544AEFB957}.Release|Any CPU.Build.0 = Release|Any CPU
		{71280A15-BD63-497C-AEE2-E4544AEFB957}.Release|ARM.ActiveCfg = Release|Any CPU
		{71280A15-BD63-497C-AEE2-E4544AEFB957}.Release|ARM.Build.0 = Release|Any CPU
		{71280A15-BD63-497C-AEE2-E4544AEFB957}.Release|iPhone.ActiveCfg = Release|Any CPU
		{71280A15-BD63-497C-AEE2-E4544AEFB957}.Release|iPhone.Build.0 = Release|Any CPU
		{71280A15-BD63-497C-AEE2-E4544AEFB957}.Release|iPhoneSimulator.ActiveCfg = Release|Any CPU
		{71280A15-BD63-497C-AEE2-E4544AEFB957}.Release|iPhoneSimulator.Build.0 = Release|Any CPU
		{71280A15-BD63-497C-AEE2-E4544AEFB957}.Release|x64.ActiveCfg = Release|Any CPU
		{71280A15-BD63-497C-AEE2-E4544AEFB957}.Release|x64.Build.0 = Release|Any CPU
		{71280A15-BD63-497C-AEE2-E4544AEFB957}.Release|x86.ActiveCfg = Release|Any CPU
		{71280A15-BD63-497C-AEE2-E4544AEFB957}.Release|x86.Build.0 = Release|Any CPU
		{43346EA0-7939-4C57-B3FA-CFA43BD81C2C}.Ad-Hoc|Any CPU.ActiveCfg = Release|Any CPU
		{43346EA0-7939-4C57-B3FA-CFA43BD81C2C}.Ad-Hoc|Any CPU.Build.0 = Release|Any CPU
		{43346EA0-7939-4C57-B3FA-CFA43BD81C2C}.Ad-Hoc|Any CPU.Deploy.0 = Release|Any CPU
		{43346EA0-7939-4C57-B3FA-CFA43BD81C2C}.Ad-Hoc|ARM.ActiveCfg = Release|Any CPU
		{43346EA0-7939-4C57-B3FA-CFA43BD81C2C}.Ad-Hoc|ARM.Build.0 = Release|Any CPU
		{43346EA0-7939-4C57-B3FA-CFA43BD81C2C}.Ad-Hoc|ARM.Deploy.0 = Release|Any CPU
		{43346EA0-7939-4C57-B3FA-CFA43BD81C2C}.Ad-Hoc|iPhone.ActiveCfg = Release|Any CPU
		{43346EA0-7939-4C57-B3FA-CFA43BD81C2C}.Ad-Hoc|iPhone.Build.0 = Release|Any CPU
		{43346EA0-7939-4C57-B3FA-CFA43BD81C2C}.Ad-Hoc|iPhone.Deploy.0 = Release|Any CPU
		{43346EA0-7939-4C57-B3FA-CFA43BD81C2C}.Ad-Hoc|iPhoneSimulator.ActiveCfg = Release|Any CPU
		{43346EA0-7939-4C57-B3FA-CFA43BD81C2C}.Ad-Hoc|iPhoneSimulator.Build.0 = Release|Any CPU
		{43346EA0-7939-4C57-B3FA-CFA43BD81C2C}.Ad-Hoc|iPhoneSimulator.Deploy.0 = Release|Any CPU
		{43346EA0-7939-4C57-B3FA-CFA43BD81C2C}.Ad-Hoc|x64.ActiveCfg = Release|Any CPU
		{43346EA0-7939-4C57-B3FA-CFA43BD81C2C}.Ad-Hoc|x64.Build.0 = Release|Any CPU
		{43346EA0-7939-4C57-B3FA-CFA43BD81C2C}.Ad-Hoc|x64.Deploy.0 = Release|Any CPU
		{43346EA0-7939-4C57-B3FA-CFA43BD81C2C}.Ad-Hoc|x86.ActiveCfg = Release|Any CPU
		{43346EA0-7939-4C57-B3FA-CFA43BD81C2C}.Ad-Hoc|x86.Build.0 = Release|Any CPU
		{43346EA0-7939-4C57-B3FA-CFA43BD81C2C}.Ad-Hoc|x86.Deploy.0 = Release|Any CPU
		{43346EA0-7939-4C57-B3FA-CFA43BD81C2C}.AppStore|Any CPU.ActiveCfg = Release|Any CPU
		{43346EA0-7939-4C57-B3FA-CFA43BD81C2C}.AppStore|Any CPU.Build.0 = Release|Any CPU
		{43346EA0-7939-4C57-B3FA-CFA43BD81C2C}.AppStore|Any CPU.Deploy.0 = Release|Any CPU
		{43346EA0-7939-4C57-B3FA-CFA43BD81C2C}.AppStore|ARM.ActiveCfg = Release|Any CPU
		{43346EA0-7939-4C57-B3FA-CFA43BD81C2C}.AppStore|ARM.Build.0 = Release|Any CPU
		{43346EA0-7939-4C57-B3FA-CFA43BD81C2C}.AppStore|ARM.Deploy.0 = Release|Any CPU
		{43346EA0-7939-4C57-B3FA-CFA43BD81C2C}.AppStore|iPhone.ActiveCfg = Release|Any CPU
		{43346EA0-7939-4C57-B3FA-CFA43BD81C2C}.AppStore|iPhone.Build.0 = Release|Any CPU
		{43346EA0-7939-4C57-B3FA-CFA43BD81C2C}.AppStore|iPhone.Deploy.0 = Release|Any CPU
		{43346EA0-7939-4C57-B3FA-CFA43BD81C2C}.AppStore|iPhoneSimulator.ActiveCfg = Release|Any CPU
		{43346EA0-7939-4C57-B3FA-CFA43BD81C2C}.AppStore|iPhoneSimulator.Build.0 = Release|Any CPU
		{43346EA0-7939-4C57-B3FA-CFA43BD81C2C}.AppStore|iPhoneSimulator.Deploy.0 = Release|Any CPU
		{43346EA0-7939-4C57-B3FA-CFA43BD81C2C}.AppStore|x64.ActiveCfg = Release|Any CPU
		{43346EA0-7939-4C57-B3FA-CFA43BD81C2C}.AppStore|x64.Build.0 = Release|Any CPU
		{43346EA0-7939-4C57-B3FA-CFA43BD81C2C}.AppStore|x64.Deploy.0 = Release|Any CPU
		{43346EA0-7939-4C57-B3FA-CFA43BD81C2C}.AppStore|x86.ActiveCfg = Release|Any CPU
		{43346EA0-7939-4C57-B3FA-CFA43BD81C2C}.AppStore|x86.Build.0 = Release|Any CPU
		{43346EA0-7939-4C57-B3FA-CFA43BD81C2C}.AppStore|x86.Deploy.0 = Release|Any CPU
		{43346EA0-7939-4C57-B3FA-CFA43BD81C2C}.Debug|Any CPU.ActiveCfg = Debug|Any CPU
		{43346EA0-7939-4C57-B3FA-CFA43BD81C2C}.Debug|Any CPU.Build.0 = Debug|Any CPU
		{43346EA0-7939-4C57-B3FA-CFA43BD81C2C}.Debug|Any CPU.Deploy.0 = Debug|Any CPU
		{43346EA0-7939-4C57-B3FA-CFA43BD81C2C}.Debug|ARM.ActiveCfg = Debug|Any CPU
		{43346EA0-7939-4C57-B3FA-CFA43BD81C2C}.Debug|ARM.Build.0 = Debug|Any CPU
		{43346EA0-7939-4C57-B3FA-CFA43BD81C2C}.Debug|ARM.Deploy.0 = Debug|Any CPU
		{43346EA0-7939-4C57-B3FA-CFA43BD81C2C}.Debug|iPhone.ActiveCfg = Debug|Any CPU
		{43346EA0-7939-4C57-B3FA-CFA43BD81C2C}.Debug|iPhone.Build.0 = Debug|Any CPU
		{43346EA0-7939-4C57-B3FA-CFA43BD81C2C}.Debug|iPhone.Deploy.0 = Debug|Any CPU
		{43346EA0-7939-4C57-B3FA-CFA43BD81C2C}.Debug|iPhoneSimulator.ActiveCfg = Debug|Any CPU
		{43346EA0-7939-4C57-B3FA-CFA43BD81C2C}.Debug|iPhoneSimulator.Build.0 = Debug|Any CPU
		{43346EA0-7939-4C57-B3FA-CFA43BD81C2C}.Debug|iPhoneSimulator.Deploy.0 = Debug|Any CPU
		{43346EA0-7939-4C57-B3FA-CFA43BD81C2C}.Debug|x64.ActiveCfg = Debug|Any CPU
		{43346EA0-7939-4C57-B3FA-CFA43BD81C2C}.Debug|x64.Build.0 = Debug|Any CPU
		{43346EA0-7939-4C57-B3FA-CFA43BD81C2C}.Debug|x64.Deploy.0 = Debug|Any CPU
		{43346EA0-7939-4C57-B3FA-CFA43BD81C2C}.Debug|x86.ActiveCfg = Debug|Any CPU
		{43346EA0-7939-4C57-B3FA-CFA43BD81C2C}.Debug|x86.Build.0 = Debug|Any CPU
		{43346EA0-7939-4C57-B3FA-CFA43BD81C2C}.Debug|x86.Deploy.0 = Debug|Any CPU
		{43346EA0-7939-4C57-B3FA-CFA43BD81C2C}.Release|Any CPU.ActiveCfg = Release|Any CPU
		{43346EA0-7939-4C57-B3FA-CFA43BD81C2C}.Release|Any CPU.Build.0 = Release|Any CPU
		{43346EA0-7939-4C57-B3FA-CFA43BD81C2C}.Release|Any CPU.Deploy.0 = Release|Any CPU
		{43346EA0-7939-4C57-B3FA-CFA43BD81C2C}.Release|ARM.ActiveCfg = Release|Any CPU
		{43346EA0-7939-4C57-B3FA-CFA43BD81C2C}.Release|ARM.Build.0 = Release|Any CPU
		{43346EA0-7939-4C57-B3FA-CFA43BD81C2C}.Release|ARM.Deploy.0 = Release|Any CPU
		{43346EA0-7939-4C57-B3FA-CFA43BD81C2C}.Release|iPhone.ActiveCfg = Release|Any CPU
		{43346EA0-7939-4C57-B3FA-CFA43BD81C2C}.Release|iPhone.Build.0 = Release|Any CPU
		{43346EA0-7939-4C57-B3FA-CFA43BD81C2C}.Release|iPhone.Deploy.0 = Release|Any CPU
		{43346EA0-7939-4C57-B3FA-CFA43BD81C2C}.Release|iPhoneSimulator.ActiveCfg = Release|Any CPU
		{43346EA0-7939-4C57-B3FA-CFA43BD81C2C}.Release|iPhoneSimulator.Build.0 = Release|Any CPU
		{43346EA0-7939-4C57-B3FA-CFA43BD81C2C}.Release|iPhoneSimulator.Deploy.0 = Release|Any CPU
		{43346EA0-7939-4C57-B3FA-CFA43BD81C2C}.Release|x64.ActiveCfg = Release|Any CPU
		{43346EA0-7939-4C57-B3FA-CFA43BD81C2C}.Release|x64.Build.0 = Release|Any CPU
		{43346EA0-7939-4C57-B3FA-CFA43BD81C2C}.Release|x64.Deploy.0 = Release|Any CPU
		{43346EA0-7939-4C57-B3FA-CFA43BD81C2C}.Release|x86.ActiveCfg = Release|Any CPU
		{43346EA0-7939-4C57-B3FA-CFA43BD81C2C}.Release|x86.Build.0 = Release|Any CPU
		{43346EA0-7939-4C57-B3FA-CFA43BD81C2C}.Release|x86.Deploy.0 = Release|Any CPU
		{9A842606-6AB4-4676-9A18-59584549B746}.Ad-Hoc|Any CPU.ActiveCfg = Ad-Hoc|iPhone
		{9A842606-6AB4-4676-9A18-59584549B746}.Ad-Hoc|ARM.ActiveCfg = Ad-Hoc|iPhone
		{9A842606-6AB4-4676-9A18-59584549B746}.Ad-Hoc|iPhone.ActiveCfg = Ad-Hoc|iPhone
		{9A842606-6AB4-4676-9A18-59584549B746}.Ad-Hoc|iPhone.Build.0 = Ad-Hoc|iPhone
		{9A842606-6AB4-4676-9A18-59584549B746}.Ad-Hoc|iPhoneSimulator.ActiveCfg = Ad-Hoc|iPhoneSimulator
		{9A842606-6AB4-4676-9A18-59584549B746}.Ad-Hoc|iPhoneSimulator.Build.0 = Ad-Hoc|iPhoneSimulator
		{9A842606-6AB4-4676-9A18-59584549B746}.Ad-Hoc|x64.ActiveCfg = Ad-Hoc|iPhone
		{9A842606-6AB4-4676-9A18-59584549B746}.Ad-Hoc|x86.ActiveCfg = Ad-Hoc|iPhone
		{9A842606-6AB4-4676-9A18-59584549B746}.AppStore|Any CPU.ActiveCfg = AppStore|iPhone
		{9A842606-6AB4-4676-9A18-59584549B746}.AppStore|ARM.ActiveCfg = AppStore|iPhone
		{9A842606-6AB4-4676-9A18-59584549B746}.AppStore|iPhone.ActiveCfg = AppStore|iPhone
		{9A842606-6AB4-4676-9A18-59584549B746}.AppStore|iPhone.Build.0 = AppStore|iPhone
		{9A842606-6AB4-4676-9A18-59584549B746}.AppStore|iPhoneSimulator.ActiveCfg = AppStore|iPhoneSimulator
		{9A842606-6AB4-4676-9A18-59584549B746}.AppStore|iPhoneSimulator.Build.0 = AppStore|iPhoneSimulator
		{9A842606-6AB4-4676-9A18-59584549B746}.AppStore|x64.ActiveCfg = AppStore|iPhone
		{9A842606-6AB4-4676-9A18-59584549B746}.AppStore|x86.ActiveCfg = AppStore|iPhone
		{9A842606-6AB4-4676-9A18-59584549B746}.Debug|Any CPU.ActiveCfg = Debug|iPhone
		{9A842606-6AB4-4676-9A18-59584549B746}.Debug|ARM.ActiveCfg = Debug|iPhone
		{9A842606-6AB4-4676-9A18-59584549B746}.Debug|iPhone.ActiveCfg = Debug|iPhone
		{9A842606-6AB4-4676-9A18-59584549B746}.Debug|iPhone.Build.0 = Debug|iPhone
		{9A842606-6AB4-4676-9A18-59584549B746}.Debug|iPhoneSimulator.ActiveCfg = Debug|iPhoneSimulator
		{9A842606-6AB4-4676-9A18-59584549B746}.Debug|iPhoneSimulator.Build.0 = Debug|iPhoneSimulator
		{9A842606-6AB4-4676-9A18-59584549B746}.Debug|x64.ActiveCfg = Debug|iPhone
		{9A842606-6AB4-4676-9A18-59584549B746}.Debug|x86.ActiveCfg = Debug|iPhone
		{9A842606-6AB4-4676-9A18-59584549B746}.Release|Any CPU.ActiveCfg = Release|iPhone
		{9A842606-6AB4-4676-9A18-59584549B746}.Release|ARM.ActiveCfg = Release|iPhone
		{9A842606-6AB4-4676-9A18-59584549B746}.Release|iPhone.ActiveCfg = Release|iPhone
		{9A842606-6AB4-4676-9A18-59584549B746}.Release|iPhone.Build.0 = Release|iPhone
		{9A842606-6AB4-4676-9A18-59584549B746}.Release|iPhoneSimulator.ActiveCfg = Release|iPhoneSimulator
		{9A842606-6AB4-4676-9A18-59584549B746}.Release|iPhoneSimulator.Build.0 = Release|iPhoneSimulator
		{9A842606-6AB4-4676-9A18-59584549B746}.Release|x64.ActiveCfg = Release|iPhone
		{9A842606-6AB4-4676-9A18-59584549B746}.Release|x86.ActiveCfg = Release|iPhone
		{0CA64543-053D-4A1D-9985-69904015E680}.Ad-Hoc|Any CPU.ActiveCfg = Release|x86
		{0CA64543-053D-4A1D-9985-69904015E680}.Ad-Hoc|Any CPU.Build.0 = Release|x86
		{0CA64543-053D-4A1D-9985-69904015E680}.Ad-Hoc|Any CPU.Deploy.0 = Release|x86
		{0CA64543-053D-4A1D-9985-69904015E680}.Ad-Hoc|ARM.ActiveCfg = Release|ARM
		{0CA64543-053D-4A1D-9985-69904015E680}.Ad-Hoc|ARM.Build.0 = Release|ARM
		{0CA64543-053D-4A1D-9985-69904015E680}.Ad-Hoc|ARM.Deploy.0 = Release|ARM
		{0CA64543-053D-4A1D-9985-69904015E680}.Ad-Hoc|iPhone.ActiveCfg = Release|x86
		{0CA64543-053D-4A1D-9985-69904015E680}.Ad-Hoc|iPhone.Build.0 = Release|x86
		{0CA64543-053D-4A1D-9985-69904015E680}.Ad-Hoc|iPhone.Deploy.0 = Release|x86
		{0CA64543-053D-4A1D-9985-69904015E680}.Ad-Hoc|iPhoneSimulator.ActiveCfg = Release|x86
		{0CA64543-053D-4A1D-9985-69904015E680}.Ad-Hoc|iPhoneSimulator.Build.0 = Release|x86
		{0CA64543-053D-4A1D-9985-69904015E680}.Ad-Hoc|iPhoneSimulator.Deploy.0 = Release|x86
		{0CA64543-053D-4A1D-9985-69904015E680}.Ad-Hoc|x64.ActiveCfg = Release|x64
		{0CA64543-053D-4A1D-9985-69904015E680}.Ad-Hoc|x64.Build.0 = Release|x64
		{0CA64543-053D-4A1D-9985-69904015E680}.Ad-Hoc|x64.Deploy.0 = Release|x64
		{0CA64543-053D-4A1D-9985-69904015E680}.Ad-Hoc|x86.ActiveCfg = Release|x86
		{0CA64543-053D-4A1D-9985-69904015E680}.Ad-Hoc|x86.Build.0 = Release|x86
		{0CA64543-053D-4A1D-9985-69904015E680}.Ad-Hoc|x86.Deploy.0 = Release|x86
		{0CA64543-053D-4A1D-9985-69904015E680}.AppStore|Any CPU.ActiveCfg = Release|x86
		{0CA64543-053D-4A1D-9985-69904015E680}.AppStore|Any CPU.Build.0 = Release|x86
		{0CA64543-053D-4A1D-9985-69904015E680}.AppStore|Any CPU.Deploy.0 = Release|x86
		{0CA64543-053D-4A1D-9985-69904015E680}.AppStore|ARM.ActiveCfg = Release|ARM
		{0CA64543-053D-4A1D-9985-69904015E680}.AppStore|ARM.Build.0 = Release|ARM
		{0CA64543-053D-4A1D-9985-69904015E680}.AppStore|ARM.Deploy.0 = Release|ARM
		{0CA64543-053D-4A1D-9985-69904015E680}.AppStore|iPhone.ActiveCfg = Release|x86
		{0CA64543-053D-4A1D-9985-69904015E680}.AppStore|iPhone.Build.0 = Release|x86
		{0CA64543-053D-4A1D-9985-69904015E680}.AppStore|iPhone.Deploy.0 = Release|x86
		{0CA64543-053D-4A1D-9985-69904015E680}.AppStore|iPhoneSimulator.ActiveCfg = Release|x86
		{0CA64543-053D-4A1D-9985-69904015E680}.AppStore|iPhoneSimulator.Build.0 = Release|x86
		{0CA64543-053D-4A1D-9985-69904015E680}.AppStore|iPhoneSimulator.Deploy.0 = Release|x86
		{0CA64543-053D-4A1D-9985-69904015E680}.AppStore|x64.ActiveCfg = Release|x64
		{0CA64543-053D-4A1D-9985-69904015E680}.AppStore|x64.Build.0 = Release|x64
		{0CA64543-053D-4A1D-9985-69904015E680}.AppStore|x64.Deploy.0 = Release|x64
		{0CA64543-053D-4A1D-9985-69904015E680}.AppStore|x86.ActiveCfg = Release|x86
		{0CA64543-053D-4A1D-9985-69904015E680}.AppStore|x86.Build.0 = Release|x86
		{0CA64543-053D-4A1D-9985-69904015E680}.AppStore|x86.Deploy.0 = Release|x86
		{0CA64543-053D-4A1D-9985-69904015E680}.Debug|Any CPU.ActiveCfg = Debug|x86
		{0CA64543-053D-4A1D-9985-69904015E680}.Debug|Any CPU.Build.0 = Debug|x86
		{0CA64543-053D-4A1D-9985-69904015E680}.Debug|Any CPU.Deploy.0 = Debug|x86
		{0CA64543-053D-4A1D-9985-69904015E680}.Debug|ARM.ActiveCfg = Debug|ARM
		{0CA64543-053D-4A1D-9985-69904015E680}.Debug|ARM.Build.0 = Debug|ARM
		{0CA64543-053D-4A1D-9985-69904015E680}.Debug|ARM.Deploy.0 = Debug|ARM
		{0CA64543-053D-4A1D-9985-69904015E680}.Debug|iPhone.ActiveCfg = Debug|x86
		{0CA64543-053D-4A1D-9985-69904015E680}.Debug|iPhoneSimulator.ActiveCfg = Debug|x86
		{0CA64543-053D-4A1D-9985-69904015E680}.Debug|x64.ActiveCfg = Debug|x64
		{0CA64543-053D-4A1D-9985-69904015E680}.Debug|x64.Build.0 = Debug|x64
		{0CA64543-053D-4A1D-9985-69904015E680}.Debug|x64.Deploy.0 = Debug|x64
		{0CA64543-053D-4A1D-9985-69904015E680}.Debug|x86.ActiveCfg = Debug|x86
		{0CA64543-053D-4A1D-9985-69904015E680}.Debug|x86.Build.0 = Debug|x86
		{0CA64543-053D-4A1D-9985-69904015E680}.Debug|x86.Deploy.0 = Debug|x86
		{0CA64543-053D-4A1D-9985-69904015E680}.Release|Any CPU.ActiveCfg = Release|x86
		{0CA64543-053D-4A1D-9985-69904015E680}.Release|ARM.ActiveCfg = Release|ARM
		{0CA64543-053D-4A1D-9985-69904015E680}.Release|ARM.Build.0 = Release|ARM
		{0CA64543-053D-4A1D-9985-69904015E680}.Release|ARM.Deploy.0 = Release|ARM
		{0CA64543-053D-4A1D-9985-69904015E680}.Release|iPhone.ActiveCfg = Release|x86
		{0CA64543-053D-4A1D-9985-69904015E680}.Release|iPhoneSimulator.ActiveCfg = Release|x86
		{0CA64543-053D-4A1D-9985-69904015E680}.Release|x64.ActiveCfg = Release|x64
		{0CA64543-053D-4A1D-9985-69904015E680}.Release|x64.Build.0 = Release|x64
		{0CA64543-053D-4A1D-9985-69904015E680}.Release|x64.Deploy.0 = Release|x64
		{0CA64543-053D-4A1D-9985-69904015E680}.Release|x86.ActiveCfg = Release|x86
		{0CA64543-053D-4A1D-9985-69904015E680}.Release|x86.Build.0 = Release|x86
		{0CA64543-053D-4A1D-9985-69904015E680}.Release|x86.Deploy.0 = Release|x86
	EndGlobalSection
	GlobalSection(SolutionProperties) = preSolution
		HideSolutionNode = FALSE
	EndGlobalSection
	GlobalSection(ExtensibilityGlobals) = postSolution
		SolutionGuid = {329034DE-E327-46BD-A252-93C0BE0FEB6C}
	EndGlobalSection
EndGlobal
